
Microsoft Visual Studio Solution File, Format Version 12.00
# Visual Studio Version 17
VisualStudioVersion = 17.3.32825.248
MinimumVisualStudioVersion = 10.0.40219.1
Project("{9A19103F-16F7-4668-BE54-9A1E7A4F7556}") = "bytebank", "bytebank.csproj", "{F087B428-953C-4152-BD65-22BD0D0EEA42}"
EndProject
Global
	GlobalSection(SolutionConfigurationPlatforms) = preSolution
		Debug|Any CPU = Debug|Any CPU
		Release|Any CPU = Release|Any CPU
	EndGlobalSection
	GlobalSection(ProjectConfigurationPlatforms) = postSolution
		{F087B428-953C-4152-BD65-22BD0D0EEA42}.Debug|Any CPU.ActiveCfg = Debug|Any CPU
		{F087B428-953C-4152-BD65-22BD0D0EEA42}.Debug|Any CPU.Build.0 = Debug|Any CPU
		{F087B428-953C-4152-BD65-22BD0D0EEA42}.Release|Any CPU.ActiveCfg = Release|Any CPU
		{F087B428-953C-4152-BD65-22BD0D0EEA42}.Release|Any CPU.Build.0 = Release|Any CPU
	EndGlobalSection
	GlobalSection(SolutionProperties) = preSolution
		HideSolutionNode = FALSE
	EndGlobalSection
	GlobalSection(ExtensibilityGlobals) = postSolution
		SolutionGuid = {B8B553E1-C93F-4D16-BAED-658CC9F6AE66}
	EndGlobalSection
EndGlobal
